
Microsoft Visual Studio Solution File, Format Version 12.00
# Visual Studio 14
VisualStudioVersion = 14.0.25123.0
MinimumVisualStudioVersion = 10.0.40219.1
Project("{FAE04EC0-301F-11D3-BF4B-00C04F79EFBC}") = "CSharp.Multithread.Matrix.Multiply", "CSharp.Multithread.Matrix.Multiply.csproj", "{863A9DF3-D6A8-4272-BF3B-A039FD654050}"
EndProject
Project("{2150E333-8FDC-42A3-9474-1A3956D46DE8}") = "Solution Items", "Solution Items", "{BF628AC0-6531-4FD4-970B-F12C657D877B}"
	ProjectSection(SolutionItems) = preProject
		Performance1.psess = Performance1.psess
	EndProjectSection
EndProject
Project("{FAE04EC0-301F-11D3-BF4B-00C04F79EFBC}") = "Matrix.UnitTests", "Matrix.UnitTests\Matrix.UnitTests.csproj", "{F7D00652-CB76-4B90-AFA4-DFC7969C5328}"
EndProject
Project("{FAE04EC0-301F-11D3-BF4B-00C04F79EFBC}") = "Matrix", "Matrix\Matrix.csproj", "{BD7F7088-1CCF-43EA-BD2C-7F65836EAFFF}"
EndProject
Global
	GlobalSection(SolutionConfigurationPlatforms) = preSolution
		Debug|Any CPU = Debug|Any CPU
		Release|Any CPU = Release|Any CPU
	EndGlobalSection
	GlobalSection(ProjectConfigurationPlatforms) = postSolution
		{863A9DF3-D6A8-4272-BF3B-A039FD654050}.Debug|Any CPU.ActiveCfg = Debug|Any CPU
		{863A9DF3-D6A8-4272-BF3B-A039FD654050}.Debug|Any CPU.Build.0 = Debug|Any CPU
		{863A9DF3-D6A8-4272-BF3B-A039FD654050}.Release|Any CPU.ActiveCfg = Release|Any CPU
		{863A9DF3-D6A8-4272-BF3B-A039FD654050}.Release|Any CPU.Build.0 = Release|Any CPU
		{F7D00652-CB76-4B90-AFA4-DFC7969C5328}.Debug|Any CPU.ActiveCfg = Debug|Any CPU
		{F7D00652-CB76-4B90-AFA4-DFC7969C5328}.Debug|Any CPU.Build.0 = Debug|Any CPU
		{F7D00652-CB76-4B90-AFA4-DFC7969C5328}.Release|Any CPU.ActiveCfg = Release|Any CPU
		{F7D00652-CB76-4B90-AFA4-DFC7969C5328}.Release|Any CPU.Build.0 = Release|Any CPU
		{BD7F7088-1CCF-43EA-BD2C-7F65836EAFFF}.Debug|Any CPU.ActiveCfg = Debug|Any CPU
		{BD7F7088-1CCF-43EA-BD2C-7F65836EAFFF}.Debug|Any CPU.Build.0 = Debug|Any CPU
		{BD7F7088-1CCF-43EA-BD2C-7F65836EAFFF}.Release|Any CPU.ActiveCfg = Release|Any CPU
		{BD7F7088-1CCF-43EA-BD2C-7F65836EAFFF}.Release|Any CPU.Build.0 = Release|Any CPU
	EndGlobalSection
	GlobalSection(SolutionProperties) = preSolution
		HideSolutionNode = FALSE
	EndGlobalSection
EndGlobal
